
Microsoft Visual Studio Solution File, Format Version 12.00
# Visual Studio Version 17
VisualStudioVersion = 17.3.32922.545
MinimumVisualStudioVersion = 10.0.40219.1
Project("{FAE04EC0-301F-11D3-BF4B-00C04F79EFBC}") = "PRN211_E4_Group6_A2", "PRN211_E4_Group6_A2\PRN211_E4_Group6_A2.csproj", "{959D5A50-9E8F-4253-A0FD-D181B6BE52B2}"
EndProject
Global
	GlobalSection(SolutionConfigurationPlatforms) = preSolution
		Debug|Any CPU = Debug|Any CPU
		Release|Any CPU = Release|Any CPU
	EndGlobalSection
	GlobalSection(ProjectConfigurationPlatforms) = postSolution
		{959D5A50-9E8F-4253-A0FD-D181B6BE52B2}.Debug|Any CPU.ActiveCfg = Debug|Any CPU
		{959D5A50-9E8F-4253-A0FD-D181B6BE52B2}.Debug|Any CPU.Build.0 = Debug|Any CPU
		{959D5A50-9E8F-4253-A0FD-D181B6BE52B2}.Release|Any CPU.ActiveCfg = Release|Any CPU
		{959D5A50-9E8F-4253-A0FD-D181B6BE52B2}.Release|Any CPU.Build.0 = Release|Any CPU
	EndGlobalSection
	GlobalSection(SolutionProperties) = preSolution
		HideSolutionNode = FALSE
	EndGlobalSection
	GlobalSection(ExtensibilityGlobals) = postSolution
		SolutionGuid = {81481308-BB29-4EA1-9118-A54747AF90DD}
	EndGlobalSection
EndGlobal
